
Microsoft Visual Studio Solution File, Format Version 12.00
# Visual Studio 15
VisualStudioVersion = 15.0.28307.271
MinimumVisualStudioVersion = 10.0.40219.1
Project("{FAE04EC0-301F-11D3-BF4B-00C04F79EFBC}") = "Proyect_Administrator", "Proyect_Administrator\Proyect_Administrator.csproj", "{CA5DE2A2-753D-41D2-A2C6-9FD682BE6E1D}"
EndProject
Global
	GlobalSection(SolutionConfigurationPlatforms) = preSolution
		Debug|Any CPU = Debug|Any CPU
		Release|Any CPU = Release|Any CPU
	EndGlobalSection
	GlobalSection(ProjectConfigurationPlatforms) = postSolution
		{CA5DE2A2-753D-41D2-A2C6-9FD682BE6E1D}.Debug|Any CPU.ActiveCfg = Debug|Any CPU
		{CA5DE2A2-753D-41D2-A2C6-9FD682BE6E1D}.Debug|Any CPU.Build.0 = Debug|Any CPU
		{CA5DE2A2-753D-41D2-A2C6-9FD682BE6E1D}.Release|Any CPU.ActiveCfg = Release|Any CPU
		{CA5DE2A2-753D-41D2-A2C6-9FD682BE6E1D}.Release|Any CPU.Build.0 = Release|Any CPU
	EndGlobalSection
	GlobalSection(SolutionProperties) = preSolution
		HideSolutionNode = FALSE
	EndGlobalSection
	GlobalSection(ExtensibilityGlobals) = postSolution
		SolutionGuid = {72AE0DF5-74D2-443E-AA62-BD48F11F7B3B}
	EndGlobalSection
EndGlobal
